
Microsoft Visual Studio Solution File, Format Version 12.00
# Visual Studio Version 17
VisualStudioVersion = 17.14.36109.1 d17.14
MinimumVisualStudioVersion = 10.0.40219.1
Project("{FAE04EC0-301F-11D3-BF4B-00C04F79EFBC}") = "FamilyFile.Domain", "FamilyFile.Domain\FamilyFile.Domain.csproj", "{81FDC139-2522-4115-87BD-862E77B3EFE8}"
EndProject
Project("{FAE04EC0-301F-11D3-BF4B-00C04F79EFBC}") = "FamilyFile.Infrastructure", "FamilyFile.Infrastructure\FamilyFile.Infrastructure.csproj", "{A29B558D-5B72-4DE8-8310-EEFD054384F8}"
EndProject
Project("{FAE04EC0-301F-11D3-BF4B-00C04F79EFBC}") = "FamilyFile.Application", "FamilyFile.Application\FamilyFile.Application.csproj", "{613CC6F9-AA85-4689-B33E-D38DC4A16569}"
EndProject
Project("{FAE04EC0-301F-11D3-BF4B-00C04F79EFBC}") = "FamilyFile.Web", "FamilyFile.Web\FamilyFile.Web.csproj", "{E128EFDC-C48B-45E7-88F9-C6010793E43D}"
EndProject
Global
	GlobalSection(SolutionConfigurationPlatforms) = preSolution
		Debug|Any CPU = Debug|Any CPU
		Release|Any CPU = Release|Any CPU
	EndGlobalSection
	GlobalSection(ProjectConfigurationPlatforms) = postSolution
		{81FDC139-2522-4115-87BD-862E77B3EFE8}.Debug|Any CPU.ActiveCfg = Debug|Any CPU
		{81FDC139-2522-4115-87BD-862E77B3EFE8}.Debug|Any CPU.Build.0 = Debug|Any CPU
		{81FDC139-2522-4115-87BD-862E77B3EFE8}.Release|Any CPU.ActiveCfg = Release|Any CPU
		{81FDC139-2522-4115-87BD-862E77B3EFE8}.Release|Any CPU.Build.0 = Release|Any CPU
		{A29B558D-5B72-4DE8-8310-EEFD054384F8}.Debug|Any CPU.ActiveCfg = Debug|Any CPU
		{A29B558D-5B72-4DE8-8310-EEFD054384F8}.Debug|Any CPU.Build.0 = Debug|Any CPU
		{A29B558D-5B72-4DE8-8310-EEFD054384F8}.Release|Any CPU.ActiveCfg = Release|Any CPU
		{A29B558D-5B72-4DE8-8310-EEFD054384F8}.Release|Any CPU.Build.0 = Release|Any CPU
		{613CC6F9-AA85-4689-B33E-D38DC4A16569}.Debug|Any CPU.ActiveCfg = Debug|Any CPU
		{613CC6F9-AA85-4689-B33E-D38DC4A16569}.Debug|Any CPU.Build.0 = Debug|Any CPU
		{613CC6F9-AA85-4689-B33E-D38DC4A16569}.Release|Any CPU.ActiveCfg = Release|Any CPU
		{613CC6F9-AA85-4689-B33E-D38DC4A16569}.Release|Any CPU.Build.0 = Release|Any CPU
		{E128EFDC-C48B-45E7-88F9-C6010793E43D}.Debug|Any CPU.ActiveCfg = Debug|Any CPU
		{E128EFDC-C48B-45E7-88F9-C6010793E43D}.Debug|Any CPU.Build.0 = Debug|Any CPU
		{E128EFDC-C48B-45E7-88F9-C6010793E43D}.Release|Any CPU.ActiveCfg = Release|Any CPU
		{E128EFDC-C48B-45E7-88F9-C6010793E43D}.Release|Any CPU.Build.0 = Release|Any CPU
	EndGlobalSection
	GlobalSection(SolutionProperties) = preSolution
		HideSolutionNode = FALSE
	EndGlobalSection
	GlobalSection(ExtensibilityGlobals) = postSolution
		SolutionGuid = {E9F5BCF2-20A7-45B6-B499-8D8199F21CF2}
	EndGlobalSection
EndGlobal
